
Microsoft Visual Studio Solution File, Format Version 12.00
# Visual Studio 15
VisualStudioVersion = 15.0.28307.329
MinimumVisualStudioVersion = 10.0.40219.1
Project("{8BC9CEB8-8B4A-11D0-8D11-00A0C91BC942}") = "secondHW", "secondHW\secondHW.vcxproj", "{DC6BA31E-CF3F-4A4B-9D56-B90525FFC28B}"
EndProject
Global
	GlobalSection(SolutionConfigurationPlatforms) = preSolution
		Debug|x64 = Debug|x64
		Debug|x86 = Debug|x86
		Release|x64 = Release|x64
		Release|x86 = Release|x86
	EndGlobalSection
	GlobalSection(ProjectConfigurationPlatforms) = postSolution
		{DC6BA31E-CF3F-4A4B-9D56-B90525FFC28B}.Debug|x64.ActiveCfg = Debug|x64
		{DC6BA31E-CF3F-4A4B-9D56-B90525FFC28B}.Debug|x64.Build.0 = Debug|x64
		{DC6BA31E-CF3F-4A4B-9D56-B90525FFC28B}.Debug|x86.ActiveCfg = Debug|Win32
		{DC6BA31E-CF3F-4A4B-9D56-B90525FFC28B}.Debug|x86.Build.0 = Debug|Win32
		{DC6BA31E-CF3F-4A4B-9D56-B90525FFC28B}.Release|x64.ActiveCfg = Release|x64
		{DC6BA31E-CF3F-4A4B-9D56-B90525FFC28B}.Release|x64.Build.0 = Release|x64
		{DC6BA31E-CF3F-4A4B-9D56-B90525FFC28B}.Release|x86.ActiveCfg = Release|Win32
		{DC6BA31E-CF3F-4A4B-9D56-B90525FFC28B}.Release|x86.Build.0 = Release|Win32
	EndGlobalSection
	GlobalSection(SolutionProperties) = preSolution
		HideSolutionNode = FALSE
	EndGlobalSection
	GlobalSection(ExtensibilityGlobals) = postSolution
		SolutionGuid = {C9B7CD65-F88B-468D-916A-0B8131DFE7D9}
	EndGlobalSection
EndGlobal
